// !$*UTF8*$!
{
	archiveVersion = 1;
	classes = {
	};
	objectVersion = 46;
	objects = {

/* Begin PBXBuildFile section */
		5486596D19D61EA3000DB038 /* AppDelegate.swift in Sources */ = {isa = PBXBuildFile; fileRef = 5486596C19D61EA3000DB038 /* AppDelegate.swift */; };
		5486597219D61EA3000DB038 /* Main.storyboard in Resources */ = {isa = PBXBuildFile; fileRef = 5486597019D61EA3000DB038 /* Main.storyboard */; };
		5486597419D61EA4000DB038 /* Images.xcassets in Resources */ = {isa = PBXBuildFile; fileRef = 5486597319D61EA4000DB038 /* Images.xcassets */; };
		5486598019D61EA4000DB038 /* rottenTests.swift in Sources */ = {isa = PBXBuildFile; fileRef = 5486597F19D61EA4000DB038 /* rottenTests.swift */; };
		5486598A19D61EC7000DB038 /* MoviesViewController.swift in Sources */ = {isa = PBXBuildFile; fileRef = 5486598919D61EC7000DB038 /* MoviesViewController.swift */; };
		5486598C19D626E3000DB038 /* MovieCell.swift in Sources */ = {isa = PBXBuildFile; fileRef = 5486598B19D626E3000DB038 /* MovieCell.swift */; };
		CA316F2FD06A4BC29A3E7566 /* libPods.a in Frameworks */ = {isa = PBXBuildFile; fileRef = E98781C44BEB43EC802E7BEC /* libPods.a */; };
/* End PBXBuildFile section */

/* Begin PBXContainerItemProxy section */
		5486597A19D61EA4000DB038 /* PBXContainerItemProxy */ = {
			isa = PBXContainerItemProxy;
			containerPortal = 5486595F19D61EA3000DB038 /* Project object */;
			proxyType = 1;
			remoteGlobalIDString = 5486596619D61EA3000DB038;
			remoteInfo = rotten;
		};
/* End PBXContainerItemProxy section */

/* Begin PBXFileReference section */
		543297F519DDF0E50071E4DC /* rotten-Bridging-Header.h */ = {isa = PBXFileReference; lastKnownFileType = sourcecode.c.h; path = "rotten-Bridging-Header.h"; sourceTree = "<group>"; };
		5486596719D61EA3000DB038 /* rotten.app */ = {isa = PBXFileReference; explicitFileType = wrapper.application; includeInIndex = 0; path = rotten.app; sourceTree = BUILT_PRODUCTS_DIR; };
		5486596B19D61EA3000DB038 /* Info.plist */ = {isa = PBXFileReference; lastKnownFileType = text.plist.xml; path = Info.plist; sourceTree = "<group>"; };
		5486596C19D61EA3000DB038 /* AppDelegate.swift */ = {isa = PBXFileReference; lastKnownFileType = sourcecode.swift; path = AppDelegate.swift; sourceTree = "<group>"; };
		5486597119D61EA3000DB038 /* Base */ = {isa = PBXFileReference; lastKnownFileType = file.storyboard; name = Base; path = Base.lproj/Main.storyboard; sourceTree = "<group>"; };
		5486597319D61EA4000DB038 /* Images.xcassets */ = {isa = PBXFileReference; lastKnownFileType = folder.assetcatalog; path = Images.xcassets; sourceTree = "<group>"; };
		5486597919D61EA4000DB038 /* rottenTests.xctest */ = {isa = PBXFileReference; explicitFileType = wrapper.cfbundle; includeInIndex = 0; path = rottenTests.xctest; sourceTree = BUILT_PRODUCTS_DIR; };
		5486597E19D61EA4000DB038 /* Info.plist */ = {isa = PBXFileReference; lastKnownFileType = text.plist.xml; path = Info.plist; sourceTree = "<group>"; };
		5486597F19D61EA4000DB038 /* rottenTests.swift */ = {isa = PBXFileReference; lastKnownFileType = sourcecode.swift; path = rottenTests.swift; sourceTree = "<group>"; };
		5486598919D61EC7000DB038 /* MoviesViewController.swift */ = {isa = PBXFileReference; fileEncoding = 4; lastKnownFileType = sourcecode.swift; path = MoviesViewController.swift; sourceTree = "<group>"; };
		5486598B19D626E3000DB038 /* MovieCell.swift */ = {isa = PBXFileReference; fileEncoding = 4; lastKnownFileType = sourcecode.swift; path = MovieCell.swift; sourceTree = "<group>"; };
		5AF9136753034168806552FF /* Pods.xcconfig */ = {isa = PBXFileReference; includeInIndex = 1; lastKnownFileType = text.xcconfig; name = Pods.xcconfig; path = Pods/Pods.xcconfig; sourceTree = "<group>"; };
		E98781C44BEB43EC802E7BEC /* libPods.a */ = {isa = PBXFileReference; explicitFileType = archive.ar; includeInIndex = 0; path = libPods.a; sourceTree = BUILT_PRODUCTS_DIR; };
/* End PBXFileReference section */

/* Begin PBXFrameworksBuildPhase section */
		5486596419D61EA3000DB038 /* Frameworks */ = {
			isa = PBXFrameworksBuildPhase;
			buildActionMask = 2147483647;
			files = (
				CA316F2FD06A4BC29A3E7566 /* libPods.a in Frameworks */,
			);
			runOnlyForDeploymentPostprocessing = 0;
		};
		5486597619D61EA4000DB038 /* Frameworks */ = {
			isa = PBXFrameworksBuildPhase;
			buildActionMask = 2147483647;
			files = (
			);
			runOnlyForDeploymentPostprocessing = 0;
		};
/* End PBXFrameworksBuildPhase section */

/* Begin PBXGroup section */
		1DB61CF8303749AD8AB77109 /* Frameworks */ = {
			isa = PBXGroup;
			children = (
				E98781C44BEB43EC802E7BEC /* libPods.a */,
			);
			name = Frameworks;
			sourceTree = "<group>";
		};
		5486595E19D61EA3000DB038 = {
			isa = PBXGroup;
			children = (
				5486596919D61EA3000DB038 /* rotten */,
				5486597C19D61EA4000DB038 /* rottenTests */,
				5486596819D61EA3000DB038 /* Products */,
				5AF9136753034168806552FF /* Pods.xcconfig */,
				1DB61CF8303749AD8AB77109 /* Frameworks */,
			);
			sourceTree = "<group>";
		};
		5486596819D61EA3000DB038 /* Products */ = {
			isa = PBXGroup;
			children = (
				5486596719D61EA3000DB038 /* rotten.app */,
				5486597919D61EA4000DB038 /* rottenTests.xctest */,
			);
			name = Products;
			sourceTree = "<group>";
		};
		5486596919D61EA3000DB038 /* rotten */ = {
			isa = PBXGroup;
			children = (
				5486598919D61EC7000DB038 /* MoviesViewController.swift */,
				5486598B19D626E3000DB038 /* MovieCell.swift */,
				5486596C19D61EA3000DB038 /* AppDelegate.swift */,
				5486597019D61EA3000DB038 /* Main.storyboard */,
				5486597319D61EA4000DB038 /* Images.xcassets */,
				5486596A19D61EA3000DB038 /* Supporting Files */,
				543297F519DDF0E50071E4DC /* rotten-Bridging-Header.h */,
			);
			path = rotten;
			sourceTree = "<group>";
		};
		5486596A19D61EA3000DB038 /* Supporting Files */ = {
			isa = PBXGroup;
			children = (
				5486596B19D61EA3000DB038 /* Info.plist */,
			);
			name = "Supporting Files";
			sourceTree = "<group>";
		};
		5486597C19D61EA4000DB038 /* rottenTests */ = {
			isa = PBXGroup;
			children = (
				5486597F19D61EA4000DB038 /* rottenTests.swift */,
				5486597D19D61EA4000DB038 /* Supporting Files */,
			);
			path = rottenTests;
			sourceTree = "<group>";
		};
		5486597D19D61EA4000DB038 /* Supporting Files */ = {
			isa = PBXGroup;
			children = (
				5486597E19D61EA4000DB038 /* Info.plist */,
			);
			name = "Supporting Files";
			sourceTree = "<group>";
		};
/* End PBXGroup section */

/* Begin PBXNativeTarget section */
		5486596619D61EA3000DB038 /* rotten */ = {
			isa = PBXNativeTarget;
			buildConfigurationList = 5486598319D61EA4000DB038 /* Build configuration list for PBXNativeTarget "rotten" */;
			buildPhases = (
				C603970A77914C53B13D6AD4 /* Check Pods Manifest.lock */,
				5486596319D61EA3000DB038 /* Sources */,
				5486596419D61EA3000DB038 /* Frameworks */,
				5486596519D61EA3000DB038 /* Resources */,
				8B4358ACB931435286DD511B /* Copy Pods Resources */,
			);
			buildRules = (
			);
			dependencies = (
			);
			name = rotten;
			productName = rotten;
			productReference = 5486596719D61EA3000DB038 /* rotten.app */;
			productType = "com.apple.product-type.application";
		};
		5486597819D61EA4000DB038 /* rottenTests */ = {
			isa = PBXNativeTarget;
			buildConfigurationList = 5486598619D61EA4000DB038 /* Build configuration list for PBXNativeTarget "rottenTests" */;
			buildPhases = (
				5486597519D61EA4000DB038 /* Sources */,
				5486597619D61EA4000DB038 /* Frameworks */,
				5486597719D61EA4000DB038 /* Resources */,
			);
			buildRules = (
			);
			dependencies = (
				5486597B19D61EA4000DB038 /* PBXTargetDependency */,
			);
			name = rottenTests;
			productName = rottenTests;
			productReference = 5486597919D61EA4000DB038 /* rottenTests.xctest */;
			productType = "com.apple.product-type.bundle.unit-test";
		};
/* End PBXNativeTarget section */

/* Begin PBXProject section */
		5486595F19D61EA3000DB038 /* Project object */ = {
			isa = PBXProject;
			attributes = {
				LastUpgradeCheck = 0600;
				ORGANIZATIONNAME = dianna;
				TargetAttributes = {
					5486596619D61EA3000DB038 = {
						CreatedOnToolsVersion = 6.0;
					};
					5486597819D61EA4000DB038 = {
						CreatedOnToolsVersion = 6.0;
						TestTargetID = 5486596619D61EA3000DB038;
					};
				};
			};
			buildConfigurationList = 5486596219D61EA3000DB038 /* Build configuration list for PBXProject "rotten" */;
			compatibilityVersion = "Xcode 3.2";
			developmentRegion = English;
			hasScannedForEncodings = 0;
			knownRegions = (
				en,
				Base,
			);
			mainGroup = 5486595E19D61EA3000DB038;
			productRefGroup = 5486596819D61EA3000DB038 /* Products */;
			projectDirPath = "";
			projectRoot = "";
			targets = (
				5486596619D61EA3000DB038 /* rotten */,
				5486597819D61EA4000DB038 /* rottenTests */,
			);
		};
/* End PBXProject section */

/* Begin PBXResourcesBuildPhase section */
		5486596519D61EA3000DB038 /* Resources */ = {
			isa = PBXResourcesBuildPhase;
			buildActionMask = 2147483647;
			files = (
				5486597219D61EA3000DB038 /* Main.storyboard in Resources */,
				5486597419D61EA4000DB038 /* Images.xcassets in Resources */,
			);
			runOnlyForDeploymentPostprocessing = 0;
		};
		5486597719D61EA4000DB038 /* Resources */ = {
			isa = PBXResourcesBuildPhase;
			buildActionMask = 2147483647;
			files = (
			);
			runOnlyForDeploymentPostprocessing = 0;
		};
/* End PBXResourcesBuildPhase section */

/* Begin PBXShellScriptBuildPhase section */
		8B4358ACB931435286DD511B /* Copy Pods Resources */ = {
			isa = PBXShellScriptBuildPhase;
			buildActionMask = 2147483647;
			files = (
			);
			inputPaths = (
			);
			name = "Copy Pods Resources";
			outputPaths = (
			);
			runOnlyForDeploymentPostprocessing = 0;
			shellPath = /bin/sh;
			shellScript = "\"${SRCROOT}/Pods/Pods-resources.sh\"\n";
			showEnvVarsInLog = 0;
		};
		C603970A77914C53B13D6AD4 /* Check Pods Manifest.lock */ = {
			isa = PBXShellScriptBuildPhase;
			buildActionMask = 2147483647;
			files = (
			);
			inputPaths = (
			);
			name = "Check Pods Manifest.lock";
			outputPaths = (
			);
			runOnlyForDeploymentPostprocessing = 0;
			shellPath = /bin/sh;
			shellScript = "diff \"${PODS_ROOT}/../Podfile.lock\" \"${PODS_ROOT}/Manifest.lock\" > /dev/null\nif [[ $? != 0 ]] ; then\n    cat << EOM\nerror: The sandbox is not in sync with the Podfile.lock. Run 'pod install' or update your CocoaPods installation.\nEOM\n    exit 1\nfi\n";
			showEnvVarsInLog = 0;
		};
/* End PBXShellScriptBuildPhase section */

/* Begin PBXSourcesBuildPhase section */
		5486596319D61EA3000DB038 /* Sources */ = {
			isa = PBXSourcesBuildPhase;
			buildActionMask = 2147483647;
			files = (
				5486596D19D61EA3000DB038 /* AppDelegate.swift in Sources */,
				5486598A19D61EC7000DB038 /* MoviesViewController.swift in Sources */,
				5486598C19D626E3000DB038 /* MovieCell.swift in Sources */,
			);
			runOnlyForDeploymentPostprocessing = 0;
		};
		5486597519D61EA4000DB038 /* Sources */ = {
			isa = PBXSourcesBuildPhase;
			buildActionMask = 2147483647;
			files = (
				5486598019D61EA4000DB038 /* rottenTests.swift in Sources */,
			);
			runOnlyForDeploymentPostprocessing = 0;
		};
/* End PBXSourcesBuildPhase section */

/* Begin PBXTargetDependency section */
		5486597B19D61EA4000DB038 /* PBXTargetDependency */ = {
			isa = PBXTargetDependency;
			target = 5486596619D61EA3000DB038 /* rotten */;
			targetProxy = 5486597A19D61EA4000DB038 /* PBXContainerItemProxy */;
		};
/* End PBXTargetDependency section */

/* Begin PBXVariantGroup section */
		5486597019D61EA3000DB038 /* Main.storyboard */ = {
			isa = PBXVariantGroup;
			children = (
				5486597119D61EA3000DB038 /* Base */,
			);
			name = Main.storyboard;
			sourceTree = "<group>";
		};
/* End PBXVariantGroup section */

/* Begin XCBuildConfiguration section */
		5486598119D61EA4000DB038 /* Debug */ = {
			isa = XCBuildConfiguration;
			buildSettings = {
				ALWAYS_SEARCH_USER_PATHS = NO;
				CLANG_CXX_LANGUAGE_STANDARD = "gnu++0x";
				CLANG_CXX_LIBRARY = "libc++";
				CLANG_ENABLE_MODULES = YES;
				CLANG_ENABLE_OBJC_ARC = YES;
				CLANG_WARN_BOOL_CONVERSION = YES;
				CLANG_WARN_CONSTANT_CONVERSION = YES;
				CLANG_WARN_DIRECT_OBJC_ISA_USAGE = YES_ERROR;
				CLANG_WARN_EMPTY_BODY = YES;
				CLANG_WARN_ENUM_CONVERSION = YES;
				CLANG_WARN_INT_CONVERSION = YES;
				CLANG_WARN_OBJC_ROOT_CLASS = YES_ERROR;
				CLANG_WARN_UNREACHABLE_CODE = YES;
				CLANG_WARN__DUPLICATE_METHOD_MATCH = YES;
				"CODE_SIGN_IDENTITY[sdk=iphoneos*]" = "iPhone Developer";
				COPY_PHASE_STRIP = NO;
				ENABLE_STRICT_OBJC_MSGSEND = YES;
				GCC_C_LANGUAGE_STANDARD = gnu99;
				GCC_DYNAMIC_NO_PIC = NO;
				GCC_OPTIMIZATION_LEVEL = 0;
				GCC_PREPROCESSOR_DEFINITIONS = (
					"DEBUG=1",
					"$(inherited)",
				);
				GCC_SYMBOLS_PRIVATE_EXTERN = NO;
				GCC_WARN_64_TO_32_BIT_CONVERSION = YES;
				GCC_WARN_ABOUT_RETURN_TYPE = YES_ERROR;
				GCC_WARN_UNDECLARED_SELECTOR = YES;
				GCC_WARN_UNINITIALIZED_AUTOS = YES_AGGRESSIVE;
				GCC_WARN_UNUSED_FUNCTION = YES;
				GCC_WARN_UNUSED_VARIABLE = YES;
				IPHONEOS_DEPLOYMENT_TARGET = 8.0;
				MTL_ENABLE_DEBUG_INFO = YES;
				ONLY_ACTIVE_ARCH = YES;
				SDKROOT = iphoneos;
				SWIFT_OPTIMIZATION_LEVEL = "-Onone";
			};
			name = Debug;
		};
		5486598219D61EA4000DB038 /* Release */ = {
			isa = XCBuildConfiguration;
			buildSettings = {
				ALWAYS_SEARCH_USER_PATHS = NO;
				CLANG_CXX_LANGUAGE_STANDARD = "gnu++0x";
				CLANG_CXX_LIBRARY = "libc++";
				CLANG_ENABLE_MODULES = YES;
				CLANG_ENABLE_OBJC_ARC = YES;
				CLANG_WARN_BOOL_CONVERSION = YES;
				CLANG_WARN_CONSTANT_CONVERSION = YES;
				CLANG_WARN_DIRECT_OBJC_ISA_USAGE = YES_ERROR;
				CLANG_WARN_EMPTY_BODY = YES;
				CLANG_WARN_ENUM_CONVERSION = YES;
				CLANG_WARN_INT_CONVERSION = YES;
				CLANG_WARN_OBJC_ROOT_CLASS = YES_ERROR;
				CLANG_WARN_UNREACHABLE_CODE = YES;
				CLANG_WARN__DUPLICATE_METHOD_MATCH = YES;
				"CODE_SIGN_IDENTITY[sdk=iphoneos*]" = "iPhone Developer";
				COPY_PHASE_STRIP = YES;
				ENABLE_NS_ASSERTIONS = NO;
				ENABLE_STRICT_OBJC_MSGSEND = YES;
				GCC_C_LANGUAGE_STANDARD = gnu99;
				GCC_WARN_64_TO_32_BIT_CONVERSION = YES;
				GCC_WARN_ABOUT_RETURN_TYPE = YES_ERROR;
				GCC_WARN_UNDECLARED_SELECTOR = YES;
				GCC_WARN_UNINITIALIZED_AUTOS = YES_AGGRESSIVE;
				GCC_WARN_UNUSED_FUNCTION = YES;
				GCC_WARN_UNUSED_VARIABLE = YES;
				IPHONEOS_DEPLOYMENT_TARGET = 8.0;
				MTL_ENABLE_DEBUG_INFO = NO;
				SDKROOT = iphoneos;
				VALIDATE_PRODUCT = YES;
			};
			name = Release;
		};
		5486598419D61EA4000DB038 /* Debug */ = {
			isa = XCBuildConfiguration;
			baseConfigurationReference = 5AF9136753034168806552FF /* Pods.xcconfig */;
			buildSettings = {
				ASSETCATALOG_COMPILER_APPICON_NAME = AppIcon;
				ASSETCATALOG_COMPILER_LAUNCHIMAGE_NAME = LaunchImage;
				CLANG_ENABLE_MODULES = YES;
				INFOPLIST_FILE = rotten/Info.plist;
				LD_RUNPATH_SEARCH_PATHS = "$(inherited) @executable_path/Frameworks";
				PRODUCT_NAME = "$(TARGET_NAME)";
				SWIFT_OBJC_BRIDGING_HEADER = "rotten/rotten-Bridging-Header.h";
				SWIFT_OPTIMIZATION_LEVEL = "-Onone";
			};
			name = Debug;
		};
		5486598519D61EA4000DB038 /* Release */ = {
			isa = XCBuildConfiguration;
			baseConfigurationReference = 5AF9136753034168806552FF /* Pods.xcconfig */;
			buildSettings = {
				ASSETCATALOG_COMPILER_APPICON_NAME = AppIcon;
				ASSETCATALOG_COMPILER_LAUNCHIMAGE_NAME = LaunchImage;
				CLANG_ENABLE_MODULES = YES;
				INFOPLIST_FILE = rotten/Info.plist;
				LD_RUNPATH_SEARCH_PATHS = "$(inherited) @executable_path/Frameworks";
				PRODUCT_NAME = "$(TARGET_NAME)";
				SWIFT_OBJC_BRIDGING_HEADER = "rotten/rotten-Bridging-Header.h";
			};
			name = Release;
		};
		5486598719D61EA4000DB038 /* Debug */ = {
			isa = XCBuildConfiguration;
			buildSettings = {
				BUNDLE_LOADER = "$(BUILT_PRODUCTS_DIR)/rotten.app/rotten";
				FRAMEWORK_SEARCH_PATHS = (
					"$(SDKROOT)/Developer/Library/Frameworks",
					"$(inherited)",
				);
				GCC_PREPROCESSOR_DEFINITIONS = (
					"DEBUG=1",
					"$(inherited)",
				);
				INFOPLIST_FILE = rottenTests/Info.plist;
				LD_RUNPATH_SEARCH_PATHS = "$(inherited) @executable_path/Frameworks @loader_path/Frameworks";
				PRODUCT_NAME = "$(TARGET_NAME)";
				TEST_HOST = "$(BUNDLE_LOADER)";
			};
			name = Debug;
		};
		5486598819D61EA4000DB038 /* Release */ = {
			isa = XCBuildConfiguration;
			buildSettings = {
				BUNDLE_LOADER = "$(BUILT_PRODUCTS_DIR)/rotten.app/rotten";
				FRAMEWORK_SEARCH_PATHS = (
					"$(SDKROOT)/Developer/Library/Frameworks",
					"$(inherited)",
				);
				INFOPLIST_FILE = rottenTests/Info.plist;
				LD_RUNPATH_SEARCH_PATHS = "$(inherited) @executable_path/Frameworks @loader_path/Frameworks";
				PRODUCT_NAME = "$(TARGET_NAME)";
				TEST_HOST = "$(BUNDLE_LOADER)";
			};
			name = Release;
		};
/* End XCBuildConfiguration section */

/* Begin XCConfigurationList section */
		5486596219D61EA3000DB038 /* Build configuration list for PBXProject "rotten" */ = {
			isa = XCConfigurationList;
			buildConfigurations = (
				5486598119D61EA4000DB038 /* Debug */,
				5486598219D61EA4000DB038 /* Release */,
			);
			defaultConfigurationIsVisible = 0;
			defaultConfigurationName = Release;
		};
		5486598319D61EA4000DB038 /* Build configuration list for PBXNativeTarget "rotten" */ = {
			isa = XCConfigurationList;
			buildConfigurations = (
				5486598419D61EA4000DB038 /* Debug */,
				5486598519D61EA4000DB038 /* Release */,
			);
			defaultConfigurationIsVisible = 0;
			defaultConfigurationName = Release;
		};
		5486598619D61EA4000DB038 /* Build configuration list for PBXNativeTarget "rottenTests" */ = {
			isa = XCConfigurationList;
			buildConfigurations = (
				5486598719D61EA4000DB038 /* Debug */,
				5486598819D61EA4000DB038 /* Release */,
			);
			defaultConfigurationIsVisible = 0;
			defaultConfigurationName = Release;
		};
/* End XCConfigurationList section */
	};
	rootObject = 5486595F19D61EA3000DB038 /* Project object */;
}
